// !$*UTF8*$!
{
	archiveVersion = 1;
	classes = {
	};
	objectVersion = 56;
	objects = {

/* Begin PBXBuildFile section */
		CB6B9CEA29BA656C006F21EC /* main.cpp in Sources */ = {isa = PBXBuildFile; fileRef = CB6B9CE929BA656C006F21EC /* main.cpp */; };
		CB6B9CF629BAB3B7006F21EC /* utils.cpp in Sources */ = {isa = PBXBuildFile; fileRef = CB6B9CF429BAB3B7006F21EC /* utils.cpp */; };
/* End PBXBuildFile section */

/* Begin PBXCopyFilesBuildPhase section */
		CB6B9CE429BA656C006F21EC /* CopyFiles */ = {
			isa = PBXCopyFilesBuildPhase;
			buildActionMask = 2147483647;
			dstPath = /usr/share/man/man1/;
			dstSubfolderSpec = 0;
			files = (
			);
			runOnlyForDeploymentPostprocessing = 1;
		};
/* End PBXCopyFilesBuildPhase section */

/* Begin PBXFileReference section */
		CB6B9CE629BA656C006F21EC /* cam_caliberation */ = {isa = PBXFileReference; explicitFileType = "compiled.mach-o.executable"; includeInIndex = 0; path = cam_caliberation; sourceTree = BUILT_PRODUCTS_DIR; };
		CB6B9CE929BA656C006F21EC /* main.cpp */ = {isa = PBXFileReference; lastKnownFileType = sourcecode.cpp.cpp; path = main.cpp; sourceTree = "<group>"; };
		CB6B9CF029BA65DB006F21EC /* Config.xcconfig */ = {isa = PBXFileReference; lastKnownFileType = text.xcconfig; path = Config.xcconfig; sourceTree = "<group>"; };
		CB6B9CF229BAAA82006F21EC /* readme.md */ = {isa = PBXFileReference; lastKnownFileType = net.daringfireball.markdown; path = readme.md; sourceTree = "<group>"; };
		CB6B9CF329BAAA82006F21EC /* report.md */ = {isa = PBXFileReference; lastKnownFileType = net.daringfireball.markdown; path = report.md; sourceTree = "<group>"; };
		CB6B9CF429BAB3B7006F21EC /* utils.cpp */ = {isa = PBXFileReference; lastKnownFileType = sourcecode.cpp.cpp; path = utils.cpp; sourceTree = "<group>"; };
		CB6B9CF529BAB3B7006F21EC /* utils.hpp */ = {isa = PBXFileReference; lastKnownFileType = sourcecode.cpp.h; path = utils.hpp; sourceTree = "<group>"; };
		CB6B9CF829BB0ED3006F21EC /* cam_caliberation.entitlements */ = {isa = PBXFileReference; lastKnownFileType = text.plist.entitlements; path = cam_caliberation.entitlements; sourceTree = "<group>"; };
/* End PBXFileReference section */

/* Begin PBXFrameworksBuildPhase section */
		CB6B9CE329BA656C006F21EC /* Frameworks */ = {
			isa = PBXFrameworksBuildPhase;
			buildActionMask = 2147483647;
			files = (
			);
			runOnlyForDeploymentPostprocessing = 0;
		};
/* End PBXFrameworksBuildPhase section */

/* Begin PBXGroup section */
		CB6B9CDD29BA656C006F21EC = {
			isa = PBXGroup;
			children = (
				CB6B9CF029BA65DB006F21EC /* Config.xcconfig */,
				CB6B9CF229BAAA82006F21EC /* readme.md */,
				CB6B9CF329BAAA82006F21EC /* report.md */,
				CB6B9CE829BA656C006F21EC /* cam_caliberation */,
				CB6B9CE729BA656C006F21EC /* Products */,
			);
			sourceTree = "<group>";
		};
		CB6B9CE729BA656C006F21EC /* Products */ = {
			isa = PBXGroup;
			children = (
				CB6B9CE629BA656C006F21EC /* cam_caliberation */,
			);
			name = Products;
			sourceTree = "<group>";
		};
		CB6B9CE829BA656C006F21EC /* cam_caliberation */ = {
			isa = PBXGroup;
			children = (
				CB6B9CF729BAB3C3006F21EC /* include */,
				CB6B9CF829BB0ED3006F21EC /* cam_caliberation.entitlements */,
				CB6B9CE929BA656C006F21EC /* main.cpp */,
				CB6B9CF429BAB3B7006F21EC /* utils.cpp */,
			);
			path = cam_caliberation;
			sourceTree = "<group>";
		};
		CB6B9CF729BAB3C3006F21EC /* include */ = {
			isa = PBXGroup;
			children = (
				CB6B9CF529BAB3B7006F21EC /* utils.hpp */,
			);
			path = include;
			sourceTree = "<group>";
		};
/* End PBXGroup section */

/* Begin PBXNativeTarget section */
		CB6B9CE529BA656C006F21EC /* cam_caliberation */ = {
			isa = PBXNativeTarget;
			buildConfigurationList = CB6B9CED29BA656C006F21EC /* Build configuration list for PBXNativeTarget "cam_caliberation" */;
			buildPhases = (
				CB6B9CE229BA656C006F21EC /* Sources */,
				CB6B9CE329BA656C006F21EC /* Frameworks */,
				CB6B9CE429BA656C006F21EC /* CopyFiles */,
			);
			buildRules = (
			);
			dependencies = (
			);
			name = cam_caliberation;
			productName = project4;
			productReference = CB6B9CE629BA656C006F21EC /* cam_caliberation */;
			productType = "com.apple.product-type.tool";
		};
/* End PBXNativeTarget section */

/* Begin PBXProject section */
		CB6B9CDE29BA656C006F21EC /* Project object */ = {
			isa = PBXProject;
			attributes = {
				BuildIndependentTargetsInParallel = 1;
				LastUpgradeCheck = 1420;
				TargetAttributes = {
					CB6B9CE529BA656C006F21EC = {
						CreatedOnToolsVersion = 14.2;
					};
				};
			};
			buildConfigurationList = CB6B9CE129BA656C006F21EC /* Build configuration list for PBXProject "project4" */;
			compatibilityVersion = "Xcode 14.0";
			developmentRegion = en;
			hasScannedForEncodings = 0;
			knownRegions = (
				en,
				Base,
			);
			mainGroup = CB6B9CDD29BA656C006F21EC;
			productRefGroup = CB6B9CE729BA656C006F21EC /* Products */;
			projectDirPath = "";
			projectRoot = "";
			targets = (
				CB6B9CE529BA656C006F21EC /* cam_caliberation */,
			);
		};
/* End PBXProject section */

/* Begin PBXSourcesBuildPhase section */
		CB6B9CE229BA656C006F21EC /* Sources */ = {
			isa = PBXSourcesBuildPhase;
			buildActionMask = 2147483647;
			files = (
				CB6B9CEA29BA656C006F21EC /* main.cpp in Sources */,
				CB6B9CF629BAB3B7006F21EC /* utils.cpp in Sources */,
			);
			runOnlyForDeploymentPostprocessing = 0;
		};
/* End PBXSourcesBuildPhase section */

/* Begin XCBuildConfiguration section */
		CB6B9CEB29BA656C006F21EC /* Debug */ = {
			isa = XCBuildConfiguration;
			baseConfigurationReference = CB6B9CF029BA65DB006F21EC /* Config.xcconfig */;
			buildSettings = {
				ALWAYS_SEARCH_USER_PATHS = NO;
				CLANG_ANALYZER_NONNULL = YES;
				CLANG_ANALYZER_NUMBER_OBJECT_CONVERSION = YES_AGGRESSIVE;
				CLANG_CXX_LANGUAGE_STANDARD = "gnu++20";
				CLANG_ENABLE_MODULES = YES;
				CLANG_ENABLE_OBJC_ARC = YES;
				CLANG_ENABLE_OBJC_WEAK = YES;
				CLANG_WARN_BLOCK_CAPTURE_AUTORELEASING = YES;
				CLANG_WARN_BOOL_CONVERSION = YES;
				CLANG_WARN_COMMA = YES;
				CLANG_WARN_CONSTANT_CONVERSION = YES;
				CLANG_WARN_DEPRECATED_OBJC_IMPLEMENTATIONS = YES;
				CLANG_WARN_DIRECT_OBJC_ISA_USAGE = YES_ERROR;
				CLANG_WARN_DOCUMENTATION_COMMENTS = YES;
				CLANG_WARN_EMPTY_BODY = YES;
				CLANG_WARN_ENUM_CONVERSION = YES;
				CLANG_WARN_INFINITE_RECURSION = YES;
				CLANG_WARN_INT_CONVERSION = YES;
				CLANG_WARN_NON_LITERAL_NULL_CONVERSION = YES;
				CLANG_WARN_OBJC_IMPLICIT_RETAIN_SELF = YES;
				CLANG_WARN_OBJC_LITERAL_CONVERSION = YES;
				CLANG_WARN_OBJC_ROOT_CLASS = YES_ERROR;
				CLANG_WARN_QUOTED_INCLUDE_IN_FRAMEWORK_HEADER = YES;
				CLANG_WARN_RANGE_LOOP_ANALYSIS = YES;
				CLANG_WARN_STRICT_PROTOTYPES = YES;
				CLANG_WARN_SUSPICIOUS_MOVE = YES;
				CLANG_WARN_UNGUARDED_AVAILABILITY = YES_AGGRESSIVE;
				CLANG_WARN_UNREACHABLE_CODE = YES;
				CLANG_WARN__DUPLICATE_METHOD_MATCH = YES;
				COPY_PHASE_STRIP = NO;
				DEBUG_INFORMATION_FORMAT = dwarf;
				ENABLE_STRICT_OBJC_MSGSEND = YES;
				ENABLE_TESTABILITY = YES;
				GCC_C_LANGUAGE_STANDARD = gnu11;
				GCC_DYNAMIC_NO_PIC = NO;
				GCC_NO_COMMON_BLOCKS = YES;
				GCC_OPTIMIZATION_LEVEL = 0;
				GCC_PREPROCESSOR_DEFINITIONS = (
					"DEBUG=1",
					"$(inherited)",
				);
				GCC_WARN_64_TO_32_BIT_CONVERSION = YES;
				GCC_WARN_ABOUT_RETURN_TYPE = YES_ERROR;
				GCC_WARN_UNDECLARED_SELECTOR = YES;
				GCC_WARN_UNINITIALIZED_AUTOS = YES_AGGRESSIVE;
				GCC_WARN_UNUSED_FUNCTION = YES;
				GCC_WARN_UNUSED_VARIABLE = YES;
				MACOSX_DEPLOYMENT_TARGET = 13.1;
				MTL_ENABLE_DEBUG_INFO = INCLUDE_SOURCE;
				MTL_FAST_MATH = YES;
				ONLY_ACTIVE_ARCH = YES;
				SDKROOT = macosx;
			};
			name = Debug;
		};
		CB6B9CEC29BA656C006F21EC /* Release */ = {
			isa = XCBuildConfiguration;
			baseConfigurationReference = CB6B9CF029BA65DB006F21EC /* Config.xcconfig */;
			buildSettings = {
				ALWAYS_SEARCH_USER_PATHS = NO;
				CLANG_ANALYZER_NONNULL = YES;
				CLANG_ANALYZER_NUMBER_OBJECT_CONVERSION = YES_AGGRESSIVE;
				CLANG_CXX_LANGUAGE_STANDARD = "gnu++20";
				CLANG_ENABLE_MODULES = YES;
				CLANG_ENABLE_OBJC_ARC = YES;
				CLANG_ENABLE_OBJC_WEAK = YES;
				CLANG_WARN_BLOCK_CAPTURE_AUTORELEASING = YES;
				CLANG_WARN_BOOL_CONVERSION = YES;
				CLANG_WARN_COMMA = YES;
				CLANG_WARN_CONSTANT_CONVERSION = YES;
				CLANG_WARN_DEPRECATED_OBJC_IMPLEMENTATIONS = YES;
				CLANG_WARN_DIRECT_OBJC_ISA_USAGE = YES_ERROR;
				CLANG_WARN_DOCUMENTATION_COMMENTS = YES;
				CLANG_WARN_EMPTY_BODY = YES;
				CLANG_WARN_ENUM_CONVERSION = YES;
				CLANG_WARN_INFINITE_RECURSION = YES;
				CLANG_WARN_INT_CONVERSION = YES;
				CLANG_WARN_NON_LITERAL_NULL_CONVERSION = YES;
				CLANG_WARN_OBJC_IMPLICIT_RETAIN_SELF = YES;
				CLANG_WARN_OBJC_LITERAL_CONVERSION = YES;
				CLANG_WARN_OBJC_ROOT_CLASS = YES_ERROR;
				CLANG_WARN_QUOTED_INCLUDE_IN_FRAMEWORK_HEADER = YES;
				CLANG_WARN_RANGE_LOOP_ANALYSIS = YES;
				CLANG_WARN_STRICT_PROTOTYPES = YES;
				CLANG_WARN_SUSPICIOUS_MOVE = YES;
				CLANG_WARN_UNGUARDED_AVAILABILITY = YES_AGGRESSIVE;
				CLANG_WARN_UNREACHABLE_CODE = YES;
				CLANG_WARN__DUPLICATE_METHOD_MATCH = YES;
				COPY_PHASE_STRIP = NO;
				DEBUG_INFORMATION_FORMAT = "dwarf-with-dsym";
				ENABLE_NS_ASSERTIONS = NO;
				ENABLE_STRICT_OBJC_MSGSEND = YES;
				GCC_C_LANGUAGE_STANDARD = gnu11;
				GCC_NO_COMMON_BLOCKS = YES;
				GCC_WARN_64_TO_32_BIT_CONVERSION = YES;
				GCC_WARN_ABOUT_RETURN_TYPE = YES_ERROR;
				GCC_WARN_UNDECLARED_SELECTOR = YES;
				GCC_WARN_UNINITIALIZED_AUTOS = YES_AGGRESSIVE;
				GCC_WARN_UNUSED_FUNCTION = YES;
				GCC_WARN_UNUSED_VARIABLE = YES;
				MACOSX_DEPLOYMENT_TARGET = 13.1;
				MTL_ENABLE_DEBUG_INFO = NO;
				MTL_FAST_MATH = YES;
				SDKROOT = macosx;
			};
			name = Release;
		};
		CB6B9CEE29BA656C006F21EC /* Debug */ = {
			isa = XCBuildConfiguration;
			buildSettings = {
				CODE_SIGN_ENTITLEMENTS = cam_caliberation/cam_caliberation.entitlements;
				CODE_SIGN_STYLE = Automatic;
				DEVELOPMENT_TEAM = F5U46GHZC6;
				ENABLE_HARDENED_RUNTIME = YES;
				PRODUCT_NAME = "$(TARGET_NAME)";
			};
			name = Debug;
		};
		CB6B9CEF29BA656C006F21EC /* Release */ = {
			isa = XCBuildConfiguration;
			buildSettings = {
				CODE_SIGN_ENTITLEMENTS = cam_caliberation/cam_caliberation.entitlements;
				CODE_SIGN_STYLE = Automatic;
				DEVELOPMENT_TEAM = F5U46GHZC6;
				ENABLE_HARDENED_RUNTIME = YES;
				PRODUCT_NAME = "$(TARGET_NAME)";
			};
			name = Release;
		};
/* End XCBuildConfiguration section */

/* Begin XCConfigurationList section */
		CB6B9CE129BA656C006F21EC /* Build configuration list for PBXProject "project4" */ = {
			isa = XCConfigurationList;
			buildConfigurations = (
				CB6B9CEB29BA656C006F21EC /* Debug */,
				CB6B9CEC29BA656C006F21EC /* Release */,
			);
			defaultConfigurationIsVisible = 0;
			defaultConfigurationName = Release;
		};
		CB6B9CED29BA656C006F21EC /* Build configuration list for PBXNativeTarget "cam_caliberation" */ = {
			isa = XCConfigurationList;
			buildConfigurations = (
				CB6B9CEE29BA656C006F21EC /* Debug */,
				CB6B9CEF29BA656C006F21EC /* Release */,
			);
			defaultConfigurationIsVisible = 0;
			defaultConfigurationName = Release;
		};
/* End XCConfigurationList section */
	};
	rootObject = CB6B9CDE29BA656C006F21EC /* Project object */;
}
